
Microsoft Visual Studio Solution File, Format Version 12.00
# Visual Studio Version 16
VisualStudioVersion = 16.0.29230.47
MinimumVisualStudioVersion = 10.0.40219.1
Project("{FAE04EC0-301F-11D3-BF4B-00C04F79EFBC}") = "Game", "Game\Game.csproj", "{2F727AD0-CBFA-46F1-BD9A-5C5A5A41584A}"
EndProject
Global
	GlobalSection(SolutionConfigurationPlatforms) = preSolution
		Debug|Any CPU = Debug|Any CPU
		Release|Any CPU = Release|Any CPU
	EndGlobalSection
	GlobalSection(ProjectConfigurationPlatforms) = postSolution
		{2F727AD0-CBFA-46F1-BD9A-5C5A5A41584A}.Debug|Any CPU.ActiveCfg = Debug|Any CPU
		{2F727AD0-CBFA-46F1-BD9A-5C5A5A41584A}.Debug|Any CPU.Build.0 = Debug|Any CPU
		{2F727AD0-CBFA-46F1-BD9A-5C5A5A41584A}.Release|Any CPU.ActiveCfg = Release|Any CPU
		{2F727AD0-CBFA-46F1-BD9A-5C5A5A41584A}.Release|Any CPU.Build.0 = Release|Any CPU
	EndGlobalSection
	GlobalSection(SolutionProperties) = preSolution
		HideSolutionNode = FALSE
	EndGlobalSection
	GlobalSection(ExtensibilityGlobals) = postSolution
		SolutionGuid = {E5932AD1-E431-4FC4-BB51-4EA172300824}
	EndGlobalSection
EndGlobal
